
Microsoft Visual Studio Solution File, Format Version 12.00
# Visual Studio 15
VisualStudioVersion = 15.0.27130.2036
MinimumVisualStudioVersion = 10.0.40219.1
Project("{8BC9CEB8-8B4A-11D0-8D11-00A0C91BC942}") = "WordCounting", "WordCounting\WordCounting.vcxproj", "{0283F05A-40E9-4685-895B-FD954C8DD0EB}"
EndProject
Project("{8BC9CEB8-8B4A-11D0-8D11-00A0C91BC942}") = "UnitTest1", "UnitTest1\UnitTest1.vcxproj", "{37616F90-4DD0-4750-AA1A-58E3A3E7B330}"
EndProject
Global
	GlobalSection(Performance) = preSolution
		HasPerformanceSessions = true
	EndGlobalSection
	GlobalSection(SolutionConfigurationPlatforms) = preSolution
		Debug|x64 = Debug|x64
		Debug|x86 = Debug|x86
		Release|x64 = Release|x64
		Release|x86 = Release|x86
	EndGlobalSection
	GlobalSection(ProjectConfigurationPlatforms) = postSolution
		{0283F05A-40E9-4685-895B-FD954C8DD0EB}.Debug|x64.ActiveCfg = Debug|x64
		{0283F05A-40E9-4685-895B-FD954C8DD0EB}.Debug|x64.Build.0 = Debug|x64
		{0283F05A-40E9-4685-895B-FD954C8DD0EB}.Debug|x86.ActiveCfg = Debug|Win32
		{0283F05A-40E9-4685-895B-FD954C8DD0EB}.Debug|x86.Build.0 = Debug|Win32
		{0283F05A-40E9-4685-895B-FD954C8DD0EB}.Release|x64.ActiveCfg = Release|x64
		{0283F05A-40E9-4685-895B-FD954C8DD0EB}.Release|x64.Build.0 = Release|x64
		{0283F05A-40E9-4685-895B-FD954C8DD0EB}.Release|x86.ActiveCfg = Release|Win32
		{0283F05A-40E9-4685-895B-FD954C8DD0EB}.Release|x86.Build.0 = Release|Win32
		{37616F90-4DD0-4750-AA1A-58E3A3E7B330}.Debug|x64.ActiveCfg = Debug|x64
		{37616F90-4DD0-4750-AA1A-58E3A3E7B330}.Debug|x64.Build.0 = Debug|x64
		{37616F90-4DD0-4750-AA1A-58E3A3E7B330}.Debug|x86.ActiveCfg = Debug|Win32
		{37616F90-4DD0-4750-AA1A-58E3A3E7B330}.Debug|x86.Build.0 = Debug|Win32
		{37616F90-4DD0-4750-AA1A-58E3A3E7B330}.Release|x64.ActiveCfg = Release|x64
		{37616F90-4DD0-4750-AA1A-58E3A3E7B330}.Release|x64.Build.0 = Release|x64
		{37616F90-4DD0-4750-AA1A-58E3A3E7B330}.Release|x86.ActiveCfg = Release|Win32
		{37616F90-4DD0-4750-AA1A-58E3A3E7B330}.Release|x86.Build.0 = Release|Win32
	EndGlobalSection
	GlobalSection(SolutionProperties) = preSolution
		HideSolutionNode = FALSE
	EndGlobalSection
	GlobalSection(ExtensibilityGlobals) = postSolution
		SolutionGuid = {3B822E4C-28A1-4081-B088-99801B0D9068}
	EndGlobalSection
EndGlobal
